{
  "version": 4,
  "terraform_version": "1.13.3",
  "serial": 38,
  "lineage": "7dbc6ff1-6878-e945-2bf4-10a0f34d1c98",
  "outputs": {
    "lambda_function_name": {
      "value": "snapshot-cleanup",
      "type": "string"
    },
    "private_subnet_id": {
      "value": "subnet-03fbe2fc94155047f",
      "type": "string"
    },
    "vpc_id": {
      "value": "vpc-01053fd6ae708cc97",
      "type": "string"
    }
  },
  "resources": [
    {
      "mode": "managed",
      "type": "aws_cloudwatch_event_rule",
      "name": "daily_rule",
      "provider": "provider[\"registry.terraform.io/hashicorp/aws\"]",
      "instances": [
        {
          "schema_version": 1,
          "attributes": {
            "arn": "arn:aws:events:us-east-1:796228037328:rule/snapshot-cleanup-daily",
            "description": "Triggers Lambda daily to delete old snapshots",
            "event_bus_name": "default",
            "event_pattern": null,
            "force_destroy": false,
            "id": "snapshot-cleanup-daily",
            "is_enabled": true,
            "name": "snapshot-cleanup-daily",
            "name_prefix": "",
            "role_arn": "",
            "schedule_expression": "rate(1 day)",
            "state": "ENABLED",
            "tags": null,
            "tags_all": {}
          },
          "sensitive_attributes": [],
          "identity_schema_version": 0,
          "private": "eyJzY2hlbWFfdmVyc2lvbiI6IjEifQ=="
        }
      ]
    },
    {
      "mode": "managed",
      "type": "aws_cloudwatch_event_target",
      "name": "lambda_target",
      "provider": "provider[\"registry.terraform.io/hashicorp/aws\"]",
      "instances": [
        {
          "schema_version": 1,
          "attributes": {
            "appsync_target": [],
            "arn": "arn:aws:lambda:us-east-1:796228037328:function:snapshot-cleanup",
            "batch_target": [],
            "dead_letter_config": [],
            "ecs_target": [],
            "event_bus_name": "default",
            "force_destroy": false,
            "http_target": [],
            "id": "snapshot-cleanup-daily-snapshot-cleanup",
            "input": "",
            "input_path": "",
            "input_transformer": [],
            "kinesis_target": [],
            "redshift_target": [],
            "retry_policy": [],
            "role_arn": "",
            "rule": "snapshot-cleanup-daily",
            "run_command_targets": [],
            "sagemaker_pipeline_target": [],
            "sqs_target": [],
            "target_id": "snapshot-cleanup"
          },
          "sensitive_attributes": [],
          "identity_schema_version": 0,
          "private": "eyJzY2hlbWFfdmVyc2lvbiI6IjEifQ==",
          "dependencies": [
            "aws_cloudwatch_event_rule.daily_rule",
            "aws_iam_role.lambda_role",
            "aws_lambda_function.snapshot_cleanup",
            "aws_security_group.lambda_sg",
            "aws_subnet.private_subnet",
            "aws_vpc.snapshot_vpc"
          ]
        }
      ]
    },
    {
      "mode": "managed",
      "type": "aws_iam_policy",
      "name": "lambda_policy",
      "provider": "provider[\"registry.terraform.io/hashicorp/aws\"]",
      "instances": [
        {
          "schema_version": 0,
          "attributes": {
            "arn": "arn:aws:iam::796228037328:policy/snapshot-cleanup-policy",
            "attachment_count": 0,
            "description": "Permissions for Lambda snapshot cleanup",
            "id": "arn:aws:iam::796228037328:policy/snapshot-cleanup-policy",
            "name": "snapshot-cleanup-policy",
            "name_prefix": "",
            "path": "/",
            "policy": "{\"Statement\":[{\"Action\":[\"ec2:DescribeSnapshots\",\"ec2:DeleteSnapshot\"],\"Effect\":\"Allow\",\"Resource\":\"*\"},{\"Action\":[\"logs:CreateLogGroup\",\"logs:CreateLogStream\",\"logs:PutLogEvents\"],\"Effect\":\"Allow\",\"Resource\":\"*\"}],\"Version\":\"2012-10-17\"}",
            "policy_id": "ANPA3SYXDVLIHNWECNYT7",
            "tags": null,
            "tags_all": {}
          },
          "sensitive_attributes": [],
          "identity_schema_version": 0,
          "private": "bnVsbA=="
        }
      ]
    },
    {
      "mode": "managed",
      "type": "aws_iam_role",
      "name": "lambda_role",
      "provider": "provider[\"registry.terraform.io/hashicorp/aws\"]",
      "instances": [
        {
          "schema_version": 0,
          "attributes": {
            "arn": "arn:aws:iam::796228037328:role/snapshot-cleanup-lambda-role",
            "assume_role_policy": "{\"Statement\":[{\"Action\":\"sts:AssumeRole\",\"Effect\":\"Allow\",\"Principal\":{\"Service\":\"lambda.amazonaws.com\"}}],\"Version\":\"2012-10-17\"}",
            "create_date": "2026-02-18T17:56:32Z",
            "description": "",
            "force_detach_policies": false,
            "id": "snapshot-cleanup-lambda-role",
            "inline_policy": [],
            "managed_policy_arns": [],
            "max_session_duration": 3600,
            "name": "snapshot-cleanup-lambda-role",
            "name_prefix": "",
            "path": "/",
            "permissions_boundary": "",
            "tags": null,
            "tags_all": {},
            "unique_id": "AROA3SYXDVLIPWWPFJITZ"
          },
          "sensitive_attributes": [],
          "identity_schema_version": 0,
          "private": "bnVsbA=="
        }
      ]
    },
    {
      "mode": "managed",
      "type": "aws_iam_role_policy_attachment",
      "name": "lambda_attach",
      "provider": "provider[\"registry.terraform.io/hashicorp/aws\"]",
      "instances": [
        {
          "schema_version": 0,
          "attributes": {
            "id": "snapshot-cleanup-lambda-role-20260218175632398900000002",
            "policy_arn": "arn:aws:iam::796228037328:policy/snapshot-cleanup-policy",
            "role": "snapshot-cleanup-lambda-role"
          },
          "sensitive_attributes": [],
          "identity_schema_version": 0,
          "private": "bnVsbA==",
          "dependencies": [
            "aws_iam_policy.lambda_policy",
            "aws_iam_role.lambda_role"
          ]
        }
      ]
    },
    {
      "mode": "managed",
      "type": "aws_iam_role_policy_attachment",
      "name": "lambda_vpc_access",
      "provider": "provider[\"registry.terraform.io/hashicorp/aws\"]",
      "instances": [
        {
          "schema_version": 0,
          "attributes": {
            "id": "snapshot-cleanup-lambda-role-20260218175632385000000001",
            "policy_arn": "arn:aws:iam::aws:policy/service-role/AWSLambdaVPCAccessExecutionRole",
            "role": "snapshot-cleanup-lambda-role"
          },
          "sensitive_attributes": [],
          "identity_schema_version": 0,
          "private": "bnVsbA==",
          "dependencies": [
            "aws_iam_role.lambda_role"
          ]
        }
      ]
    },
    {
      "mode": "managed",
      "type": "aws_lambda_function",
      "name": "snapshot_cleanup",
      "provider": "provider[\"registry.terraform.io/hashicorp/aws\"]",
      "instances": [
        {
          "schema_version": 0,
          "attributes": {
            "architectures": [
              "x86_64"
            ],
            "arn": "arn:aws:lambda:us-east-1:796228037328:function:snapshot-cleanup",
            "code_sha256": "zK1L6awtYZNrXL9kfvYkAYqfJl2P5ASlVJl890I9nvg=",
            "code_signing_config_arn": "",
            "dead_letter_config": [],
            "description": "",
            "environment": [
              {
                "variables": {
                  "RETENTION_DAYS": "365"
                }
              }
            ],
            "ephemeral_storage": [
              {
                "size": 512
              }
            ],
            "file_system_config": [],
            "filename": "../lambda/lambda.zip",
            "function_name": "snapshot-cleanup",
            "handler": "lambda_function.lambda_handler",
            "id": "snapshot-cleanup",
            "image_config": [],
            "image_uri": "",
            "invoke_arn": "arn:aws:apigateway:us-east-1:lambda:path/2015-03-31/functions/arn:aws:lambda:us-east-1:796228037328:function:snapshot-cleanup/invocations",
            "kms_key_arn": "",
            "last_modified": "2026-02-18T17:56:48.535+0000",
            "layers": null,
            "logging_config": [
              {
                "application_log_level": "",
                "log_format": "Text",
                "log_group": "/aws/lambda/snapshot-cleanup",
                "system_log_level": ""
              }
            ],
            "memory_size": 128,
            "package_type": "Zip",
            "publish": false,
            "qualified_arn": "arn:aws:lambda:us-east-1:796228037328:function:snapshot-cleanup:$LATEST",
            "qualified_invoke_arn": "arn:aws:apigateway:us-east-1:lambda:path/2015-03-31/functions/arn:aws:lambda:us-east-1:796228037328:function:snapshot-cleanup:$LATEST/invocations",
            "replace_security_groups_on_destroy": null,
            "replacement_security_group_ids": null,
            "reserved_concurrent_executions": -1,
            "role": "arn:aws:iam::796228037328:role/snapshot-cleanup-lambda-role",
            "runtime": "python3.12",
            "s3_bucket": null,
            "s3_key": null,
            "s3_object_version": null,
            "signing_job_arn": "",
            "signing_profile_version_arn": "",
            "skip_destroy": false,
            "snap_start": [],
            "source_code_hash": "zK1L6awtYZNrXL9kfvYkAYqfJl2P5ASlVJl890I9nvg=",
            "source_code_size": 640,
            "tags": {
              "Name": "snapshot-cleanup"
            },
            "tags_all": {
              "Name": "snapshot-cleanup"
            },
            "timeout": 60,
            "timeouts": null,
            "tracing_config": [
              {
                "mode": "PassThrough"
              }
            ],
            "version": "$LATEST",
            "vpc_config": [
              {
                "ipv6_allowed_for_dual_stack": false,
                "security_group_ids": [
                  "sg-056bb7fc1a7b9c8a2"
                ],
                "subnet_ids": [
                  "subnet-03fbe2fc94155047f"
                ],
                "vpc_id": "vpc-01053fd6ae708cc97"
              }
            ]
          },
          "sensitive_attributes": [],
          "identity_schema_version": 0,
          "private": "eyJlMmJmYjczMC1lY2FhLTExZTYtOGY4OC0zNDM2M2JjN2M0YzAiOnsiY3JlYXRlIjo2MDAwMDAwMDAwMDAsImRlbGV0ZSI6NjAwMDAwMDAwMDAwLCJ1cGRhdGUiOjYwMDAwMDAwMDAwMH19",
          "dependencies": [
            "aws_iam_role.lambda_role",
            "aws_security_group.lambda_sg",
            "aws_subnet.private_subnet",
            "aws_vpc.snapshot_vpc"
          ]
        }
      ]
    },
    {
      "mode": "managed",
      "type": "aws_lambda_permission",
      "name": "allow_eventbridge",
      "provider": "provider[\"registry.terraform.io/hashicorp/aws\"]",
      "instances": [
        {
          "schema_version": 0,
          "attributes": {
            "action": "lambda:InvokeFunction",
            "event_source_token": null,
            "function_name": "snapshot-cleanup",
            "function_url_auth_type": null,
            "id": "AllowExecutionFromEventBridge",
            "principal": "events.amazonaws.com",
            "principal_org_id": null,
            "qualifier": "",
            "source_account": null,
            "source_arn": "arn:aws:events:us-east-1:796228037328:rule/snapshot-cleanup-daily",
            "statement_id": "AllowExecutionFromEventBridge",
            "statement_id_prefix": ""
          },
          "sensitive_attributes": [],
          "identity_schema_version": 0,
          "private": "bnVsbA==",
          "dependencies": [
            "aws_cloudwatch_event_rule.daily_rule",
            "aws_iam_role.lambda_role",
            "aws_lambda_function.snapshot_cleanup",
            "aws_security_group.lambda_sg",
            "aws_subnet.private_subnet",
            "aws_vpc.snapshot_vpc"
          ]
        }
      ]
    },
    {
      "mode": "managed",
      "type": "aws_route_table",
      "name": "private_rt",
      "provider": "provider[\"registry.terraform.io/hashicorp/aws\"]",
      "instances": [
        {
          "schema_version": 0,
          "attributes": {
            "arn": "arn:aws:ec2:us-east-1:796228037328:route-table/rtb-06f86b627b020ec56",
            "id": "rtb-06f86b627b020ec56",
            "owner_id": "796228037328",
            "propagating_vgws": [],
            "route": [],
            "tags": {
              "Name": "snapshot-private-rt"
            },
            "tags_all": {
              "Name": "snapshot-private-rt"
            },
            "timeouts": null,
            "vpc_id": "vpc-01053fd6ae708cc97"
          },
          "sensitive_attributes": [],
          "identity_schema_version": 0,
          "private": "eyJlMmJmYjczMC1lY2FhLTExZTYtOGY4OC0zNDM2M2JjN2M0YzAiOnsiY3JlYXRlIjozMDAwMDAwMDAwMDAsImRlbGV0ZSI6MzAwMDAwMDAwMDAwLCJ1cGRhdGUiOjEyMDAwMDAwMDAwMH19",
          "dependencies": [
            "aws_vpc.snapshot_vpc"
          ]
        }
      ]
    },
    {
      "mode": "managed",
      "type": "aws_route_table_association",
      "name": "private_assoc",
      "provider": "provider[\"registry.terraform.io/hashicorp/aws\"]",
      "instances": [
        {
          "schema_version": 0,
          "attributes": {
            "gateway_id": "",
            "id": "rtbassoc-0ac629a43efafa4b4",
            "route_table_id": "rtb-06f86b627b020ec56",
            "subnet_id": "subnet-03fbe2fc94155047f",
            "timeouts": null
          },
          "sensitive_attributes": [],
          "identity_schema_version": 0,
          "private": "eyJlMmJmYjczMC1lY2FhLTExZTYtOGY4OC0zNDM2M2JjN2M0YzAiOnsiY3JlYXRlIjozMDAwMDAwMDAwMDAsImRlbGV0ZSI6MzAwMDAwMDAwMDAwLCJ1cGRhdGUiOjEyMDAwMDAwMDAwMH19",
          "dependencies": [
            "aws_route_table.private_rt",
            "aws_subnet.private_subnet",
            "aws_vpc.snapshot_vpc"
          ]
        }
      ]
    },
    {
      "mode": "managed",
      "type": "aws_security_group",
      "name": "lambda_sg",
      "provider": "provider[\"registry.terraform.io/hashicorp/aws\"]",
      "instances": [
        {
          "schema_version": 1,
          "attributes": {
            "arn": "arn:aws:ec2:us-east-1:796228037328:security-group/sg-056bb7fc1a7b9c8a2",
            "description": "Allow Lambda outbound access",
            "egress": [
              {
                "cidr_blocks": [
                  "0.0.0.0/0"
                ],
                "description": "Allow outbound HTTPS",
                "from_port": 443,
                "ipv6_cidr_blocks": [],
                "prefix_list_ids": [],
                "protocol": "tcp",
                "security_groups": [],
                "self": false,
                "to_port": 443
              }
            ],
            "id": "sg-056bb7fc1a7b9c8a2",
            "ingress": [],
            "name": "snapshot-cleanup-lambda-sg",
            "name_prefix": "",
            "owner_id": "796228037328",
            "revoke_rules_on_delete": false,
            "tags": {
              "Name": "snapshot-cleanup-lambda-sg"
            },
            "tags_all": {
              "Name": "snapshot-cleanup-lambda-sg"
            },
            "timeouts": null,
            "vpc_id": "vpc-01053fd6ae708cc97"
          },
          "sensitive_attributes": [],
          "identity_schema_version": 0,
          "private": "eyJlMmJmYjczMC1lY2FhLTExZTYtOGY4OC0zNDM2M2JjN2M0YzAiOnsiY3JlYXRlIjo2MDAwMDAwMDAwMDAsImRlbGV0ZSI6OTAwMDAwMDAwMDAwfSwic2NoZW1hX3ZlcnNpb24iOiIxIn0=",
          "dependencies": [
            "aws_vpc.snapshot_vpc"
          ]
        }
      ]
    },
    {
      "mode": "managed",
      "type": "aws_subnet",
      "name": "private_subnet",
      "provider": "provider[\"registry.terraform.io/hashicorp/aws\"]",
      "instances": [
        {
          "schema_version": 1,
          "attributes": {
            "arn": "arn:aws:ec2:us-east-1:796228037328:subnet/subnet-03fbe2fc94155047f",
            "assign_ipv6_address_on_creation": false,
            "availability_zone": "us-east-1a",
            "availability_zone_id": "use1-az6",
            "cidr_block": "10.10.1.0/24",
            "customer_owned_ipv4_pool": "",
            "enable_dns64": false,
            "enable_lni_at_device_index": 0,
            "enable_resource_name_dns_a_record_on_launch": false,
            "enable_resource_name_dns_aaaa_record_on_launch": false,
            "id": "subnet-03fbe2fc94155047f",
            "ipv6_cidr_block": "",
            "ipv6_cidr_block_association_id": "",
            "ipv6_native": false,
            "map_customer_owned_ip_on_launch": false,
            "map_public_ip_on_launch": false,
            "outpost_arn": "",
            "owner_id": "796228037328",
            "private_dns_hostname_type_on_launch": "ip-name",
            "tags": {
              "Name": "snapshot-private-subnet"
            },
            "tags_all": {
              "Name": "snapshot-private-subnet"
            },
            "timeouts": null,
            "vpc_id": "vpc-01053fd6ae708cc97"
          },
          "sensitive_attributes": [],
          "identity_schema_version": 0,
          "private": "eyJlMmJmYjczMC1lY2FhLTExZTYtOGY4OC0zNDM2M2JjN2M0YzAiOnsiY3JlYXRlIjo2MDAwMDAwMDAwMDAsImRlbGV0ZSI6MTIwMDAwMDAwMDAwMH0sInNjaGVtYV92ZXJzaW9uIjoiMSJ9",
          "dependencies": [
            "aws_vpc.snapshot_vpc"
          ]
        }
      ]
    },
    {
      "mode": "managed",
      "type": "aws_vpc",
      "name": "snapshot_vpc",
      "provider": "provider[\"registry.terraform.io/hashicorp/aws\"]",
      "instances": [
        {
          "schema_version": 1,
          "attributes": {
            "arn": "arn:aws:ec2:us-east-1:796228037328:vpc/vpc-01053fd6ae708cc97",
            "assign_generated_ipv6_cidr_block": false,
            "cidr_block": "10.10.0.0/16",
            "default_network_acl_id": "acl-0a89929611c12c227",
            "default_route_table_id": "rtb-0fddb06a410180e44",
            "default_security_group_id": "sg-0e6d58d45c01c7ade",
            "dhcp_options_id": "dopt-08eadce8f1f2e2a81",
            "enable_dns_hostnames": true,
            "enable_dns_support": true,
            "enable_network_address_usage_metrics": false,
            "id": "vpc-01053fd6ae708cc97",
            "instance_tenancy": "default",
            "ipv4_ipam_pool_id": null,
            "ipv4_netmask_length": null,
            "ipv6_association_id": "",
            "ipv6_cidr_block": "",
            "ipv6_cidr_block_network_border_group": "",
            "ipv6_ipam_pool_id": "",
            "ipv6_netmask_length": 0,
            "main_route_table_id": "rtb-0fddb06a410180e44",
            "owner_id": "796228037328",
            "tags": {
              "Name": "snapshot-cleanup-vpc"
            },
            "tags_all": {
              "Name": "snapshot-cleanup-vpc"
            }
          },
          "sensitive_attributes": [],
          "identity_schema_version": 0,
          "private": "eyJzY2hlbWFfdmVyc2lvbiI6IjEifQ=="
        }
      ]
    },
    {
      "mode": "managed",
      "type": "aws_vpc_endpoint",
      "name": "ec2_endpoint",
      "provider": "provider[\"registry.terraform.io/hashicorp/aws\"]",
      "instances": [
        {
          "schema_version": 0,
          "attributes": {
            "arn": "arn:aws:ec2:us-east-1:796228037328:vpc-endpoint/vpce-0e59ceeb6f340de2b",
            "auto_accept": null,
            "cidr_blocks": [],
            "dns_entry": [
              {
                "dns_name": "vpce-0e59ceeb6f340de2b-3upmr10y.ec2.us-east-1.vpce.amazonaws.com",
                "hosted_zone_id": "Z7HUB22UULQXV"
              },
              {
                "dns_name": "vpce-0e59ceeb6f340de2b-3upmr10y-us-east-1a.ec2.us-east-1.vpce.amazonaws.com",
                "hosted_zone_id": "Z7HUB22UULQXV"
              },
              {
                "dns_name": "ec2.us-east-1.amazonaws.com",
                "hosted_zone_id": "Z0658105DYR3DJ6GPB8"
              },
              {
                "dns_name": "ec2.us-east-1.api.aws",
                "hosted_zone_id": "Z04116833UE9CH0OI2Y83"
              }
            ],
            "dns_options": [
              {
                "dns_record_ip_type": "ipv4",
                "private_dns_only_for_inbound_resolver_endpoint": false
              }
            ],
            "id": "vpce-0e59ceeb6f340de2b",
            "ip_address_type": "ipv4",
            "network_interface_ids": [
              "eni-01b2ad8276048d9bd"
            ],
            "owner_id": "796228037328",
            "policy": "{\"Statement\":[{\"Action\":\"*\",\"Effect\":\"Allow\",\"Principal\":\"*\",\"Resource\":\"*\"}]}",
            "prefix_list_id": null,
            "private_dns_enabled": true,
            "requester_managed": false,
            "resource_configuration_arn": "",
            "route_table_ids": [],
            "security_group_ids": [
              "sg-056bb7fc1a7b9c8a2"
            ],
            "service_name": "com.amazonaws.us-east-1.ec2",
            "service_network_arn": "",
            "service_region": "us-east-1",
            "state": "available",
            "subnet_configuration": [
              {
                "ipv4": "10.10.1.145",
                "ipv6": "",
                "subnet_id": "subnet-03fbe2fc94155047f"
              }
            ],
            "subnet_ids": [
              "subnet-03fbe2fc94155047f"
            ],
            "tags": {
              "Name": "snapshot-ec2-endpoint"
            },
            "tags_all": {
              "Name": "snapshot-ec2-endpoint"
            },
            "timeouts": null,
            "vpc_endpoint_type": "Interface",
            "vpc_id": "vpc-01053fd6ae708cc97"
          },
          "sensitive_attributes": [],
          "identity_schema_version": 0,
          "private": "eyJlMmJmYjczMC1lY2FhLTExZTYtOGY4OC0zNDM2M2JjN2M0YzAiOnsiY3JlYXRlIjo2MDAwMDAwMDAwMDAsImRlbGV0ZSI6NjAwMDAwMDAwMDAwLCJ1cGRhdGUiOjYwMDAwMDAwMDAwMH19",
          "dependencies": [
            "aws_security_group.lambda_sg",
            "aws_subnet.private_subnet",
            "aws_vpc.snapshot_vpc"
          ]
        }
      ]
    }
  ],
  "check_results": null
}
